
Microsoft Visual Studio Solution File, Format Version 12.00
# Visual Studio Version 18
VisualStudioVersion = 18.0.11222.15 d18.0
MinimumVisualStudioVersion = 10.0.40219.1
Project("{FAE04EC0-301F-11D3-BF4B-00C04F79EFBC}") = "getback-mywpf", "getback-mywpf.csproj", "{D168E13B-0139-A009-6F6B-20AB8E20D948}"
EndProject
Global
	GlobalSection(SolutionConfigurationPlatforms) = preSolution
		Debug|Any CPU = Debug|Any CPU
		Release|Any CPU = Release|Any CPU
	EndGlobalSection
	GlobalSection(ProjectConfigurationPlatforms) = postSolution
		{D168E13B-0139-A009-6F6B-20AB8E20D948}.Debug|Any CPU.ActiveCfg = Debug|Any CPU
		{D168E13B-0139-A009-6F6B-20AB8E20D948}.Debug|Any CPU.Build.0 = Debug|Any CPU
		{D168E13B-0139-A009-6F6B-20AB8E20D948}.Release|Any CPU.ActiveCfg = Release|Any CPU
		{D168E13B-0139-A009-6F6B-20AB8E20D948}.Release|Any CPU.Build.0 = Release|Any CPU
	EndGlobalSection
	GlobalSection(SolutionProperties) = preSolution
		HideSolutionNode = FALSE
	EndGlobalSection
	GlobalSection(ExtensibilityGlobals) = postSolution
		SolutionGuid = {70513F26-DD1D-4E5A-9EC8-7C868C6B01F4}
	EndGlobalSection
EndGlobal
